
Microsoft Visual Studio Solution File, Format Version 12.00
# Visual Studio 2012
Project("{FAE04EC0-301F-11D3-BF4B-00C04F79EFBC}") = "DefiantCode.Hal.Core", "DefiantCode.Hal.Core\DefiantCode.Hal.Core.csproj", "{85EC7F8C-AF04-4FC4-B186-AD197E928A25}"
EndProject
Project("{FAE04EC0-301F-11D3-BF4B-00C04F79EFBC}") = "DefiantCode.Hal.WebApi.Formatters", "DefiantCode.Hal.WebApi.Formatters\DefiantCode.Hal.WebApi.Formatters.csproj", "{93E83047-EE04-4614-A7E7-7C76601CDD17}"
EndProject
Project("{2150E333-8FDC-42A3-9474-1A3956D46DE8}") = "Examples", "Examples", "{0C765B17-2380-451F-8E28-2CF862E86D24}"
EndProject
Project("{FAE04EC0-301F-11D3-BF4B-00C04F79EFBC}") = "HalRestApiExample", "Examples\HalRestApiExample\HalRestApiExample.csproj", "{CD1AE0D5-75A6-4A03-A178-C6081A4F3CCB}"
EndProject
Project("{2150E333-8FDC-42A3-9474-1A3956D46DE8}") = "Tests", "Tests", "{D0E5EBDB-8D29-43BC-8344-EDC89959A0CB}"
EndProject
Project("{FAE04EC0-301F-11D3-BF4B-00C04F79EFBC}") = "DefiantCode.Hal.Tests.UnitTests", "DefiantCode.Hal.Tests.UnitTests\DefiantCode.Hal.Tests.UnitTests.csproj", "{17470844-06A9-4205-B5FD-5A37DAC8ABC8}"
EndProject
Global
	GlobalSection(SolutionConfigurationPlatforms) = preSolution
		Debug|Any CPU = Debug|Any CPU
		Release|Any CPU = Release|Any CPU
	EndGlobalSection
	GlobalSection(ProjectConfigurationPlatforms) = postSolution
		{17470844-06A9-4205-B5FD-5A37DAC8ABC8}.Debug|Any CPU.ActiveCfg = Debug|Any CPU
		{17470844-06A9-4205-B5FD-5A37DAC8ABC8}.Debug|Any CPU.Build.0 = Debug|Any CPU
		{17470844-06A9-4205-B5FD-5A37DAC8ABC8}.Release|Any CPU.ActiveCfg = Release|Any CPU
		{17470844-06A9-4205-B5FD-5A37DAC8ABC8}.Release|Any CPU.Build.0 = Release|Any CPU
		{85EC7F8C-AF04-4FC4-B186-AD197E928A25}.Debug|Any CPU.ActiveCfg = Debug|Any CPU
		{85EC7F8C-AF04-4FC4-B186-AD197E928A25}.Debug|Any CPU.Build.0 = Debug|Any CPU
		{85EC7F8C-AF04-4FC4-B186-AD197E928A25}.Release|Any CPU.ActiveCfg = Release|Any CPU
		{85EC7F8C-AF04-4FC4-B186-AD197E928A25}.Release|Any CPU.Build.0 = Release|Any CPU
		{93E83047-EE04-4614-A7E7-7C76601CDD17}.Debug|Any CPU.ActiveCfg = Debug|Any CPU
		{93E83047-EE04-4614-A7E7-7C76601CDD17}.Debug|Any CPU.Build.0 = Debug|Any CPU
		{93E83047-EE04-4614-A7E7-7C76601CDD17}.Release|Any CPU.ActiveCfg = Release|Any CPU
		{93E83047-EE04-4614-A7E7-7C76601CDD17}.Release|Any CPU.Build.0 = Release|Any CPU
		{CD1AE0D5-75A6-4A03-A178-C6081A4F3CCB}.Debug|Any CPU.ActiveCfg = Debug|Any CPU
		{CD1AE0D5-75A6-4A03-A178-C6081A4F3CCB}.Debug|Any CPU.Build.0 = Debug|Any CPU
		{CD1AE0D5-75A6-4A03-A178-C6081A4F3CCB}.Release|Any CPU.ActiveCfg = Release|Any CPU
		{CD1AE0D5-75A6-4A03-A178-C6081A4F3CCB}.Release|Any CPU.Build.0 = Release|Any CPU
	EndGlobalSection
	GlobalSection(SolutionProperties) = preSolution
		HideSolutionNode = FALSE
	EndGlobalSection
	GlobalSection(NestedProjects) = preSolution
		{17470844-06A9-4205-B5FD-5A37DAC8ABC8} = {D0E5EBDB-8D29-43BC-8344-EDC89959A0CB}
		{CD1AE0D5-75A6-4A03-A178-C6081A4F3CCB} = {0C765B17-2380-451F-8E28-2CF862E86D24}
	EndGlobalSection
EndGlobal
